
Microsoft Visual Studio Solution File, Format Version 12.00
# Visual Studio 15
VisualStudioVersion = 15.0.28307.902
MinimumVisualStudioVersion = 10.0.40219.1
Project("{FAE04EC0-301F-11D3-BF4B-00C04F79EFBC}") = "SitePassion", "SitePassion\SitePassion.csproj", "{A146DEE3-F606-4EE0-919F-247E1EB30639}"
EndProject
Global
	GlobalSection(SolutionConfigurationPlatforms) = preSolution
		Debug|Any CPU = Debug|Any CPU
		Release|Any CPU = Release|Any CPU
	EndGlobalSection
	GlobalSection(ProjectConfigurationPlatforms) = postSolution
		{A146DEE3-F606-4EE0-919F-247E1EB30639}.Debug|Any CPU.ActiveCfg = Debug|Any CPU
		{A146DEE3-F606-4EE0-919F-247E1EB30639}.Debug|Any CPU.Build.0 = Debug|Any CPU
		{A146DEE3-F606-4EE0-919F-247E1EB30639}.Release|Any CPU.ActiveCfg = Release|Any CPU
		{A146DEE3-F606-4EE0-919F-247E1EB30639}.Release|Any CPU.Build.0 = Release|Any CPU
	EndGlobalSection
	GlobalSection(SolutionProperties) = preSolution
		HideSolutionNode = FALSE
	EndGlobalSection
	GlobalSection(ExtensibilityGlobals) = postSolution
		SolutionGuid = {CCECEACE-D4FC-4B61-A58F-E32FC0DA1993}
	EndGlobalSection
EndGlobal
